// !$*UTF8*$!
{
	archiveVersion = 1;
	classes = {
	};
	objectVersion = 46;
	objects = {

/* Begin PBXBuildFile section */
		8BDAC0EC1EA602F500593C96 /* AppDelegate.swift in Sources */ = {isa = PBXBuildFile; fileRef = 8BDAC0EB1EA602F500593C96 /* AppDelegate.swift */; };
		8BDAC0EE1EA602F500593C96 /* HomeViewController.swift in Sources */ = {isa = PBXBuildFile; fileRef = 8BDAC0ED1EA602F500593C96 /* HomeViewController.swift */; };
		8BDAC0F11EA602F500593C96 /* Main.storyboard in Resources */ = {isa = PBXBuildFile; fileRef = 8BDAC0EF1EA602F500593C96 /* Main.storyboard */; };
		8BDAC0F31EA602F500593C96 /* Assets.xcassets in Resources */ = {isa = PBXBuildFile; fileRef = 8BDAC0F21EA602F500593C96 /* Assets.xcassets */; };
		8BDAC0F61EA602F500593C96 /* LaunchScreen.storyboard in Resources */ = {isa = PBXBuildFile; fileRef = 8BDAC0F41EA602F500593C96 /* LaunchScreen.storyboard */; };
/* End PBXBuildFile section */

/* Begin PBXFileReference section */
		8BDAC0E81EA602F500593C96 /* EzTrading.app */ = {isa = PBXFileReference; explicitFileType = wrapper.application; includeInIndex = 0; path = EzTrading.app; sourceTree = BUILT_PRODUCTS_DIR; };
		8BDAC0EB1EA602F500593C96 /* AppDelegate.swift */ = {isa = PBXFileReference; lastKnownFileType = sourcecode.swift; path = AppDelegate.swift; sourceTree = "<group>"; };
		8BDAC0ED1EA602F500593C96 /* HomeViewController.swift */ = {isa = PBXFileReference; lastKnownFileType = sourcecode.swift; path = HomeViewController.swift; sourceTree = "<group>"; };
		8BDAC0F01EA602F500593C96 /* Base */ = {isa = PBXFileReference; lastKnownFileType = file.storyboard; name = Base; path = Base.lproj/Main.storyboard; sourceTree = "<group>"; };
		8BDAC0F21EA602F500593C96 /* Assets.xcassets */ = {isa = PBXFileReference; lastKnownFileType = folder.assetcatalog; path = Assets.xcassets; sourceTree = "<group>"; };
		8BDAC0F51EA602F500593C96 /* Base */ = {isa = PBXFileReference; lastKnownFileType = file.storyboard; name = Base; path = Base.lproj/LaunchScreen.storyboard; sourceTree = "<group>"; };
		8BDAC0F71EA602F500593C96 /* Info.plist */ = {isa = PBXFileReference; lastKnownFileType = text.plist.xml; path = Info.plist; sourceTree = "<group>"; };
/* End PBXFileReference section */

/* Begin PBXFrameworksBuildPhase section */
		8BDAC0E51EA602F500593C96 /* Frameworks */ = {
			isa = PBXFrameworksBuildPhase;
			buildActionMask = 2147483647;
			files = (
			);
			runOnlyForDeploymentPostprocessing = 0;
		};
/* End PBXFrameworksBuildPhase section */

/* Begin PBXGroup section */
		8BDAC0DF1EA602F400593C96 = {
			isa = PBXGroup;
			children = (
				8BDAC0EA1EA602F500593C96 /* EzTrading */,
				8BDAC0E91EA602F500593C96 /* Products */,
			);
			sourceTree = "<group>";
		};
		8BDAC0E91EA602F500593C96 /* Products */ = {
			isa = PBXGroup;
			children = (
				8BDAC0E81EA602F500593C96 /* EzTrading.app */,
			);
			name = Products;
			sourceTree = "<group>";
		};
		8BDAC0EA1EA602F500593C96 /* EzTrading */ = {
			isa = PBXGroup;
			children = (
				8BDAC0EB1EA602F500593C96 /* AppDelegate.swift */,
				8BDAC0ED1EA602F500593C96 /* HomeViewController.swift */,
				8BDAC0EF1EA602F500593C96 /* Main.storyboard */,
				8BDAC0F21EA602F500593C96 /* Assets.xcassets */,
				8BDAC0F41EA602F500593C96 /* LaunchScreen.storyboard */,
				8BDAC0F71EA602F500593C96 /* Info.plist */,
			);
			path = EzTrading;
			sourceTree = "<group>";
		};
/* End PBXGroup section */

/* Begin PBXNativeTarget section */
		8BDAC0E71EA602F500593C96 /* EzTrading */ = {
			isa = PBXNativeTarget;
			buildConfigurationList = 8BDAC0FA1EA602F500593C96 /* Build configuration list for PBXNativeTarget "EzTrading" */;
			buildPhases = (
				8BDAC0E41EA602F500593C96 /* Sources */,
				8BDAC0E51EA602F500593C96 /* Frameworks */,
				8BDAC0E61EA602F500593C96 /* Resources */,
			);
			buildRules = (
			);
			dependencies = (
			);
			name = EzTrading;
			productName = EzTrading;
			productReference = 8BDAC0E81EA602F500593C96 /* EzTrading.app */;
			productType = "com.apple.product-type.application";
		};
/* End PBXNativeTarget section */

/* Begin PBXProject section */
		8BDAC0E01EA602F400593C96 /* Project object */ = {
			isa = PBXProject;
			attributes = {
				LastSwiftUpdateCheck = 0810;
				LastUpgradeCheck = 0810;
				ORGANIZATIONNAME = Omai;
				TargetAttributes = {
					8BDAC0E71EA602F500593C96 = {
						CreatedOnToolsVersion = 8.1;
						ProvisioningStyle = Automatic;
					};
				};
			};
			buildConfigurationList = 8BDAC0E31EA602F400593C96 /* Build configuration list for PBXProject "EzTrading" */;
			compatibilityVersion = "Xcode 3.2";
			developmentRegion = English;
			hasScannedForEncodings = 0;
			knownRegions = (
				en,
				Base,
			);
			mainGroup = 8BDAC0DF1EA602F400593C96;
			productRefGroup = 8BDAC0E91EA602F500593C96 /* Products */;
			projectDirPath = "";
			projectRoot = "";
			targets = (
				8BDAC0E71EA602F500593C96 /* EzTrading */,
			);
		};
/* End PBXProject section */

/* Begin PBXResourcesBuildPhase section */
		8BDAC0E61EA602F500593C96 /* Resources */ = {
			isa = PBXResourcesBuildPhase;
			buildActionMask = 2147483647;
			files = (
				8BDAC0F61EA602F500593C96 /* LaunchScreen.storyboard in Resources */,
				8BDAC0F31EA602F500593C96 /* Assets.xcassets in Resources */,
				8BDAC0F11EA602F500593C96 /* Main.storyboard in Resources */,
			);
			runOnlyForDeploymentPostprocessing = 0;
		};
/* End PBXResourcesBuildPhase section */

/* Begin PBXSourcesBuildPhase section */
		8BDAC0E41EA602F500593C96 /* Sources */ = {
			isa = PBXSourcesBuildPhase;
			buildActionMask = 2147483647;
			files = (
				8BDAC0EE1EA602F500593C96 /* HomeViewController.swift in Sources */,
				8BDAC0EC1EA602F500593C96 /* AppDelegate.swift in Sources */,
			);
			runOnlyForDeploymentPostprocessing = 0;
		};
/* End PBXSourcesBuildPhase section */

/* Begin PBXVariantGroup section */
		8BDAC0EF1EA602F500593C96 /* Main.storyboard */ = {
			isa = PBXVariantGroup;
			children = (
				8BDAC0F01EA602F500593C96 /* Base */,
			);
			name = Main.storyboard;
			sourceTree = "<group>";
		};
		8BDAC0F41EA602F500593C96 /* LaunchScreen.storyboard */ = {
			isa = PBXVariantGroup;
			children = (
				8BDAC0F51EA602F500593C96 /* Base */,
			);
			name = LaunchScreen.storyboard;
			sourceTree = "<group>";
		};
/* End PBXVariantGroup section */

/* Begin XCBuildConfiguration section */
		8BDAC0F81EA602F500593C96 /* Debug */ = {
			isa = XCBuildConfiguration;
			buildSettings = {
				ALWAYS_SEARCH_USER_PATHS = NO;
				CLANG_ANALYZER_NONNULL = YES;
				CLANG_CXX_LANGUAGE_STANDARD = "gnu++0x";
				CLANG_CXX_LIBRARY = "libc++";
				CLANG_ENABLE_MODULES = YES;
				CLANG_ENABLE_OBJC_ARC = YES;
				CLANG_WARN_BOOL_CONVERSION = YES;
				CLANG_WARN_CONSTANT_CONVERSION = YES;
				CLANG_WARN_DIRECT_OBJC_ISA_USAGE = YES_ERROR;
				CLANG_WARN_DOCUMENTATION_COMMENTS = YES;
				CLANG_WARN_EMPTY_BODY = YES;
				CLANG_WARN_ENUM_CONVERSION = YES;
				CLANG_WARN_INFINITE_RECURSION = YES;
				CLANG_WARN_INT_CONVERSION = YES;
				CLANG_WARN_OBJC_ROOT_CLASS = YES_ERROR;
				CLANG_WARN_SUSPICIOUS_MOVES = YES;
				CLANG_WARN_UNREACHABLE_CODE = YES;
				CLANG_WARN__DUPLICATE_METHOD_MATCH = YES;
				"CODE_SIGN_IDENTITY[sdk=iphoneos*]" = "iPhone Developer";
				COPY_PHASE_STRIP = NO;
				DEBUG_INFORMATION_FORMAT = dwarf;
				ENABLE_STRICT_OBJC_MSGSEND = YES;
				ENABLE_TESTABILITY = YES;
				GCC_C_LANGUAGE_STANDARD = gnu99;
				GCC_DYNAMIC_NO_PIC = NO;
				GCC_NO_COMMON_BLOCKS = YES;
				GCC_OPTIMIZATION_LEVEL = 0;
				GCC_PREPROCESSOR_DEFINITIONS = (
					"DEBUG=1",
					"$(inherited)",
				);
				GCC_WARN_64_TO_32_BIT_CONVERSION = YES;
				GCC_WARN_ABOUT_RETURN_TYPE = YES_ERROR;
				GCC_WARN_UNDECLARED_SELECTOR = YES;
				GCC_WARN_UNINITIALIZED_AUTOS = YES_AGGRESSIVE;
				GCC_WARN_UNUSED_FUNCTION = YES;
				GCC_WARN_UNUSED_VARIABLE = YES;
				IPHONEOS_DEPLOYMENT_TARGET = 10.1;
				MTL_ENABLE_DEBUG_INFO = YES;
				ONLY_ACTIVE_ARCH = YES;
				SDKROOT = iphoneos;
				SWIFT_ACTIVE_COMPILATION_CONDITIONS = DEBUG;
				SWIFT_OPTIMIZATION_LEVEL = "-Onone";
			};
			name = Debug;
		};
		8BDAC0F91EA602F500593C96 /* Release */ = {
			isa = XCBuildConfiguration;
			buildSettings = {
				ALWAYS_SEARCH_USER_PATHS = NO;
				CLANG_ANALYZER_NONNULL = YES;
				CLANG_CXX_LANGUAGE_STANDARD = "gnu++0x";
				CLANG_CXX_LIBRARY = "libc++";
				CLANG_ENABLE_MODULES = YES;
				CLANG_ENABLE_OBJC_ARC = YES;
				CLANG_WARN_BOOL_CONVERSION = YES;
				CLANG_WARN_CONSTANT_CONVERSION = YES;
				CLANG_WARN_DIRECT_OBJC_ISA_USAGE = YES_ERROR;
				CLANG_WARN_DOCUMENTATION_COMMENTS = YES;
				CLANG_WARN_EMPTY_BODY = YES;
				CLANG_WARN_ENUM_CONVERSION = YES;
				CLANG_WARN_INFINITE_RECURSION = YES;
				CLANG_WARN_INT_CONVERSION = YES;
				CLANG_WARN_OBJC_ROOT_CLASS = YES_ERROR;
				CLANG_WARN_SUSPICIOUS_MOVES = YES;
				CLANG_WARN_UNREACHABLE_CODE = YES;
				CLANG_WARN__DUPLICATE_METHOD_MATCH = YES;
				"CODE_SIGN_IDENTITY[sdk=iphoneos*]" = "iPhone Developer";
				COPY_PHASE_STRIP = NO;
				DEBUG_INFORMATION_FORMAT = "dwarf-with-dsym";
				ENABLE_NS_ASSERTIONS = NO;
				ENABLE_STRICT_OBJC_MSGSEND = YES;
				GCC_C_LANGUAGE_STANDARD = gnu99;
				GCC_NO_COMMON_BLOCKS = YES;
				GCC_WARN_64_TO_32_BIT_CONVERSION = YES;
				GCC_WARN_ABOUT_RETURN_TYPE = YES_ERROR;
				GCC_WARN_UNDECLARED_SELECTOR = YES;
				GCC_WARN_UNINITIALIZED_AUTOS = YES_AGGRESSIVE;
				GCC_WARN_UNUSED_FUNCTION = YES;
				GCC_WARN_UNUSED_VARIABLE = YES;
				IPHONEOS_DEPLOYMENT_TARGET = 10.1;
				MTL_ENABLE_DEBUG_INFO = NO;
				SDKROOT = iphoneos;
				SWIFT_OPTIMIZATION_LEVEL = "-Owholemodule";
				VALIDATE_PRODUCT = YES;
			};
			name = Release;
		};
		8BDAC0FB1EA602F500593C96 /* Debug */ = {
			isa = XCBuildConfiguration;
			buildSettings = {
				ASSETCATALOG_COMPILER_APPICON_NAME = AppIcon;
				INFOPLIST_FILE = EzTrading/Info.plist;
				LD_RUNPATH_SEARCH_PATHS = "$(inherited) @executable_path/Frameworks";
				PRODUCT_BUNDLE_IDENTIFIER = PhuTan.EzTrading;
				PRODUCT_NAME = "$(TARGET_NAME)";
				SWIFT_VERSION = 3.0;
			};
			name = Debug;
		};
		8BDAC0FC1EA602F500593C96 /* Release */ = {
			isa = XCBuildConfiguration;
			buildSettings = {
				ASSETCATALOG_COMPILER_APPICON_NAME = AppIcon;
				INFOPLIST_FILE = EzTrading/Info.plist;
				LD_RUNPATH_SEARCH_PATHS = "$(inherited) @executable_path/Frameworks";
				PRODUCT_BUNDLE_IDENTIFIER = PhuTan.EzTrading;
				PRODUCT_NAME = "$(TARGET_NAME)";
				SWIFT_VERSION = 3.0;
			};
			name = Release;
		};
/* End XCBuildConfiguration section */

/* Begin XCConfigurationList section */
		8BDAC0E31EA602F400593C96 /* Build configuration list for PBXProject "EzTrading" */ = {
			isa = XCConfigurationList;
			buildConfigurations = (
				8BDAC0F81EA602F500593C96 /* Debug */,
				8BDAC0F91EA602F500593C96 /* Release */,
			);
			defaultConfigurationIsVisible = 0;
			defaultConfigurationName = Release;
		};
		8BDAC0FA1EA602F500593C96 /* Build configuration list for PBXNativeTarget "EzTrading" */ = {
			isa = XCConfigurationList;
			buildConfigurations = (
				8BDAC0FB1EA602F500593C96 /* Debug */,
				8BDAC0FC1EA602F500593C96 /* Release */,
			);
			defaultConfigurationIsVisible = 0;
			defaultConfigurationName = Release;
		};
/* End XCConfigurationList section */
	};
	rootObject = 8BDAC0E01EA602F400593C96 /* Project object */;
}
